
Microsoft Visual Studio Solution File, Format Version 12.00
# Visual Studio 15
VisualStudioVersion = 15.0.27428.2027
MinimumVisualStudioVersion = 10.0.40219.1
Project("{2150E333-8FDC-42A3-9474-1A3956D46DE8}") = "src", "src", "{C361EC4D-2437-4B2E-B20A-9DDEAACFC6A5}"
EndProject
Project("{9A19103F-16F7-4668-BE54-9A1E7A4F7556}") = "AddDigits", "src\AddDigits\AddDigits.csproj", "{B0562D05-A551-441D-80AC-B4BDDC758293}"
EndProject
Project("{9A19103F-16F7-4668-BE54-9A1E7A4F7556}") = "AllSubsetsOfASet", "src\AllSubsetsOfASet\AllSubsetsOfASet.csproj", "{D66D2807-96F3-4C68-83EB-9B5807BA9F0B}"
EndProject
Project("{9A19103F-16F7-4668-BE54-9A1E7A4F7556}") = "BinaryGap", "src\BinaryGap\BinaryGap.csproj", "{8248B030-CD63-45AD-8807-FB9BABEFAC02}"
EndProject
Project("{9A19103F-16F7-4668-BE54-9A1E7A4F7556}") = "BinarySearchTreeIterator", "src\BinarySearchTreeIterator\BinarySearchTreeIterator.csproj", "{87D834A6-CBBD-43B1-948A-EC3D8E968417}"
EndProject
Project("{9A19103F-16F7-4668-BE54-9A1E7A4F7556}") = "BinaryTree", "src\BinaryTree\BinaryTree.csproj", "{A0FCF43E-C7EE-48A3-9CE2-6CD1F696DC78}"
EndProject
Project("{9A19103F-16F7-4668-BE54-9A1E7A4F7556}") = "BinaryTreeTraversals", "src\BinaryTreeTraversals\BinaryTreeTraversals.csproj", "{F0A2C73C-C455-46BB-8094-64BDDF0370ED}"
EndProject
Project("{9A19103F-16F7-4668-BE54-9A1E7A4F7556}") = "Brackets", "src\Brackets\Brackets.csproj", "{F3EA6C8B-9B03-4D2E-A8CA-CE5E097545CA}"
EndProject
Project("{9A19103F-16F7-4668-BE54-9A1E7A4F7556}") = "CheckContainsDuplicates", "src\CheckContainsDuplicates\CheckContainsDuplicates.csproj", "{0E487230-4DAC-4CBD-88E3-69370795B296}"
EndProject
Project("{9A19103F-16F7-4668-BE54-9A1E7A4F7556}") = "ListCore", "src\ListCore\ListCore.csproj", "{C0DFEE92-D5A1-46DC-9BA3-86C6326DC79A}"
EndProject
Project("{9A19103F-16F7-4668-BE54-9A1E7A4F7556}") = "CountDiv", "src\CountDiv\CountDiv.csproj", "{BACFCC6E-160A-4DEC-9671-F257549F4319}"
EndProject
Project("{9A19103F-16F7-4668-BE54-9A1E7A4F7556}") = "EquiLeader", "src\EquiLeader\EquiLeader.csproj", "{8002A32E-63C9-42FE-81AB-F56BE17598CC}"
EndProject
Project("{9A19103F-16F7-4668-BE54-9A1E7A4F7556}") = "FibonacciSeries", "src\FibonacciSeries\FibonacciSeries.csproj", "{B2690226-3108-4C9F-9163-C32F250A9065}"
EndProject
Project("{9A19103F-16F7-4668-BE54-9A1E7A4F7556}") = "FindAllPalindromes", "src\FindAllPalindromes\FindAllPalindromes.csproj", "{9DF75FB7-00E8-4A5A-B659-F664FF14875F}"
EndProject
Project("{9A19103F-16F7-4668-BE54-9A1E7A4F7556}") = "FindDuplicateNumber", "src\FindDuplicateNumber\FindDuplicateNumber.csproj", "{0B148334-ED01-4327-B68E-018E3B93A3F5}"
EndProject
Project("{9A19103F-16F7-4668-BE54-9A1E7A4F7556}") = "IntersectionOfTwoLinkedLists", "src\IntersectionOfTwoLinkedLists\IntersectionOfTwoLinkedLists.csproj", "{F52BF488-18EE-4964-840A-B6D74EEAC9AB}"
EndProject
Project("{9A19103F-16F7-4668-BE54-9A1E7A4F7556}") = "LinkedListCycle", "src\LinkedListCycle\LinkedListCycle.csproj", "{AAD7E6AD-DC37-4834-86BE-838B65E4EBBA}"
EndProject
Project("{9A19103F-16F7-4668-BE54-9A1E7A4F7556}") = "LongestPrefixAndSuffix", "src\LongestPrefixAndSuffix\LongestPrefixAndSuffix.csproj", "{32783DA8-EB7E-4EE3-95AD-EFD09A2813BC}"
EndProject
Project("{9A19103F-16F7-4668-BE54-9A1E7A4F7556}") = "MaximumOccurrence", "src\MaximumOccurrence\MaximumOccurrence.csproj", "{64BE39F6-BD1B-4A09-9945-9FF468FD0001}"
EndProject
Project("{9A19103F-16F7-4668-BE54-9A1E7A4F7556}") = "MergingTwoPackages", "src\MergingTwoPackages\MergingTwoPackages.csproj", "{CA0D345B-32AB-4067-8EAA-D0DD4B93ECDA}"
EndProject
Project("{9A19103F-16F7-4668-BE54-9A1E7A4F7556}") = "MinFrogJump", "src\MinFrogJump\MinFrogJump.csproj", "{C85C58C1-636F-4D9B-9B94-0D856F39D37F}"
EndProject
Project("{9A19103F-16F7-4668-BE54-9A1E7A4F7556}") = "MissingInteger", "src\MissingInteger\MissingInteger.csproj", "{57AA56B4-4BE0-46C1-B7BF-62C678612689}"
EndProject
Project("{9A19103F-16F7-4668-BE54-9A1E7A4F7556}") = "PancakeSort", "src\PancakeSort\PancakeSort.csproj", "{560D8497-4215-4883-B1FC-2FBEB96B5B39}"
EndProject
Project("{9A19103F-16F7-4668-BE54-9A1E7A4F7556}") = "NthValueFromList", "src\NthValueFromList\NthValueFromList.csproj", "{71AB2443-E871-4DEB-87E0-E5D72DDF698A}"
EndProject
Project("{9A19103F-16F7-4668-BE54-9A1E7A4F7556}") = "OddOccurrencesInArray", "src\OddOccurrencesInArray\OddOccurrencesInArray.csproj", "{12D5EBD4-CF28-4C94-A75B-A16A540C2AC7}"
EndProject
Project("{9A19103F-16F7-4668-BE54-9A1E7A4F7556}") = "PeakElementInArray", "src\PeakElementInArray\PeakElementInArray.csproj", "{582C5679-CBBF-4443-9145-F13EE10DACF5}"
EndProject
Project("{9A19103F-16F7-4668-BE54-9A1E7A4F7556}") = "PermArray", "src\PermArray\PermArray.csproj", "{144E0845-D66B-41B0-BB53-E6B89139FD74}"
EndProject
Project("{9A19103F-16F7-4668-BE54-9A1E7A4F7556}") = "Permutations", "src\Permutations\Permutations.csproj", "{5F264D51-3238-4CEB-8DE7-19ABF6F97394}"
EndProject
Project("{9A19103F-16F7-4668-BE54-9A1E7A4F7556}") = "PIMatchScoreProblem", "src\PIMatchScoreProblem\PIMatchScoreProblem.csproj", "{BFEDF4A5-6AD8-4A8A-AABB-F20E6639870D}"
EndProject
Project("{9A19103F-16F7-4668-BE54-9A1E7A4F7556}") = "PlusOne", "src\PlusOne\PlusOne.csproj", "{D3BC3A4C-A144-476D-8BE5-F9BCB151D92E}"
EndProject
Project("{9A19103F-16F7-4668-BE54-9A1E7A4F7556}") = "ProductsOfAllIntsExceptAtIndex", "src\ProductsOfAllIntsExceptAtIndex\ProductsOfAllIntsExceptAtIndex.csproj", "{4970DA28-FDFC-44CF-90EC-3B0D8C543551}"
EndProject
Project("{9A19103F-16F7-4668-BE54-9A1E7A4F7556}") = "QueueWithTwoStacks", "src\QueueWithTwoStacks\QueueWithTwoStacks.csproj", "{782274F5-2E53-42A6-976E-CB61E9DAA2F6}"
EndProject
Project("{9A19103F-16F7-4668-BE54-9A1E7A4F7556}") = "RectangularIntersection", "src\RectangularIntersection\RectangularIntersection.csproj", "{A0626DC5-69E5-490E-BD1E-19903F9D530D}"
EndProject
Project("{9A19103F-16F7-4668-BE54-9A1E7A4F7556}") = "ReturnFirstNonRecurringCharacter", "src\ReturnFirstNonRecurringCharacter\ReturnFirstNonRecurringCharacter.csproj", "{F2B1E893-3046-4145-B774-7AB05C782928}"
EndProject
Project("{9A19103F-16F7-4668-BE54-9A1E7A4F7556}") = "ReturnFirstRecurringCharacter", "src\ReturnFirstRecurringCharacter\ReturnFirstRecurringCharacter.csproj", "{BADC2B03-6ADD-4E0E-AA0F-239E63A17EEC}"
EndProject
Project("{9A19103F-16F7-4668-BE54-9A1E7A4F7556}") = "ReverseLinkedList", "src\ReverseLinkedList\ReverseLinkedList.csproj", "{2E579214-CE65-48D5-97D7-A10F87F6F069}"
EndProject
Project("{9A19103F-16F7-4668-BE54-9A1E7A4F7556}") = "RotateArray", "src\RotateArray\RotateArray.csproj", "{B0556DA5-51A2-46C8-92A3-A2F9F300C9F0}"
EndProject
Project("{9A19103F-16F7-4668-BE54-9A1E7A4F7556}") = "RotateList", "src\RotateList\RotateList.csproj", "{7F91F7A8-3168-4900-923F-CE0BECD0F05E}"
EndProject
Project("{9A19103F-16F7-4668-BE54-9A1E7A4F7556}") = "SetMatrixZeroes", "src\SetMatrixZeroes\SetMatrixZeroes.csproj", "{2BFFED1E-0C52-4DA6-A2FD-B524BA1568B5}"
EndProject
Project("{9A19103F-16F7-4668-BE54-9A1E7A4F7556}") = "StackMachine", "src\StackMachine\StackMachine.csproj", "{F23C78B4-FD5C-4785-99A9-B938AC761CAE}"
EndProject
Project("{9A19103F-16F7-4668-BE54-9A1E7A4F7556}") = "StringComposition", "src\StringComposition\StringComposition.csproj", "{11DE55E8-7968-4572-A0B6-7946155F0CF2}"
EndProject
Project("{9A19103F-16F7-4668-BE54-9A1E7A4F7556}") = "TapeEquilibrium", "src\TapeEquilibrium\TapeEquilibrium.csproj", "{4A2D7962-8E39-4D98-9822-D201521DAB05}"
EndProject
Project("{9A19103F-16F7-4668-BE54-9A1E7A4F7556}") = "WordScoreProblem", "src\WordScoreProblem\WordScoreProblem.csproj", "{3FD143E5-7EA2-4A9A-840E-74257600CB85}"
EndProject
Project("{9A19103F-16F7-4668-BE54-9A1E7A4F7556}") = "ZeroOneNumbers", "src\ZeroOneNumbers\ZeroOneNumbers.csproj", "{04F72CF7-D1B4-465C-BFB4-111C25040112}"
EndProject
Project("{9A19103F-16F7-4668-BE54-9A1E7A4F7556}") = "IntersectionOfTwoArrays", "src\IntersectionOfTwoArrays\IntersectionOfTwoArrays.csproj", "{82C0C075-6830-4821-8BBE-65D8E64358A6}"
EndProject
Project("{9A19103F-16F7-4668-BE54-9A1E7A4F7556}") = "TimePlanner", "src\TimePlanner\TimePlanner.csproj", "{6E622073-D9FC-4B4E-BB8F-2FF719285C8C}"
EndProject
Project("{9A19103F-16F7-4668-BE54-9A1E7A4F7556}") = "BinaryTreeDepth", "src\BinaryTreeDepth\BinaryTreeDepth.csproj", "{06729194-57BE-41D8-9E5E-C79A1CEC2F01}"
EndProject
Project("{9A19103F-16F7-4668-BE54-9A1E7A4F7556}") = "PairsWithSpecificDifference", "src\PairsWithSpecificDifference\PairsWithSpecificDifference.csproj", "{A201416D-BFB8-4ADE-A35D-514A2F3D58F0}"
EndProject
Project("{9A19103F-16F7-4668-BE54-9A1E7A4F7556}") = "MinSalesPath", "src\MinSalesPath\MinSalesPath.csproj", "{8FA4F8B0-FFD5-405F-9FEA-DA999CE74CE7}"
EndProject
Project("{9A19103F-16F7-4668-BE54-9A1E7A4F7556}") = "BinaryTreeMaxDistinctValues", "src\BinaryTreeMaxDistinctValues\BinaryTreeMaxDistinctValues.csproj", "{34A974E8-3701-431C-B2F3-876B5AA22D02}"
EndProject
Project("{9A19103F-16F7-4668-BE54-9A1E7A4F7556}") = "Quicksort", "src\Quicksort\Quicksort.csproj", "{9010DA02-C5A5-4760-9AFB-6CB8F5C74A60}"
EndProject
Project("{9A19103F-16F7-4668-BE54-9A1E7A4F7556}") = "MinIntHeap", "src\MinIntHeap\MinIntHeap.csproj", "{776E2798-0C45-422C-8095-7890B93335E5}"
EndProject
Project("{9A19103F-16F7-4668-BE54-9A1E7A4F7556}") = "HighestProductOfK", "src\HighestProductOfK\HighestProductOfK.csproj", "{C433D140-937A-4BC7-8D04-3D400AAECA48}"
EndProject
Project("{9A19103F-16F7-4668-BE54-9A1E7A4F7556}") = "KthLargestElement", "src\KthLargestElement\KthLargestElement.csproj", "{F8B668CC-DEAB-4920-B4DE-632F52DBAC25}"
EndProject
Project("{9A19103F-16F7-4668-BE54-9A1E7A4F7556}") = "LongestCommonSubstring", "src\LongestCommonSubstring\LongestCommonSubstring.csproj", "{829AE36C-FFAF-4E0F-A215-1A88C8F2EB7F}"
EndProject
Project("{9A19103F-16F7-4668-BE54-9A1E7A4F7556}") = "AddTwoLists", "src\AddTwoLists\AddTwoLists.csproj", "{6AA3C700-95B5-4EB9-84DF-FBD270CC3011}"
EndProject
Project("{FAE04EC0-301F-11D3-BF4B-00C04F79EFBC}") = "OverlappingMeetings", "src\OverlappingMeetings\OverlappingMeetings.csproj", "{48FAA3BC-3797-4A8C-A2CC-19A2878D4E49}"
EndProject
Global
	GlobalSection(SolutionConfigurationPlatforms) = preSolution
		Debug|Any CPU = Debug|Any CPU
		Release|Any CPU = Release|Any CPU
	EndGlobalSection
	GlobalSection(ProjectConfigurationPlatforms) = postSolution
		{B0562D05-A551-441D-80AC-B4BDDC758293}.Debug|Any CPU.ActiveCfg = Debug|Any CPU
		{B0562D05-A551-441D-80AC-B4BDDC758293}.Debug|Any CPU.Build.0 = Debug|Any CPU
		{B0562D05-A551-441D-80AC-B4BDDC758293}.Release|Any CPU.ActiveCfg = Release|Any CPU
		{B0562D05-A551-441D-80AC-B4BDDC758293}.Release|Any CPU.Build.0 = Release|Any CPU
		{D66D2807-96F3-4C68-83EB-9B5807BA9F0B}.Debug|Any CPU.ActiveCfg = Debug|Any CPU
		{D66D2807-96F3-4C68-83EB-9B5807BA9F0B}.Debug|Any CPU.Build.0 = Debug|Any CPU
		{D66D2807-96F3-4C68-83EB-9B5807BA9F0B}.Release|Any CPU.ActiveCfg = Release|Any CPU
		{D66D2807-96F3-4C68-83EB-9B5807BA9F0B}.Release|Any CPU.Build.0 = Release|Any CPU
		{8248B030-CD63-45AD-8807-FB9BABEFAC02}.Debug|Any CPU.ActiveCfg = Debug|Any CPU
		{8248B030-CD63-45AD-8807-FB9BABEFAC02}.Debug|Any CPU.Build.0 = Debug|Any CPU
		{8248B030-CD63-45AD-8807-FB9BABEFAC02}.Release|Any CPU.ActiveCfg = Release|Any CPU
		{8248B030-CD63-45AD-8807-FB9BABEFAC02}.Release|Any CPU.Build.0 = Release|Any CPU
		{87D834A6-CBBD-43B1-948A-EC3D8E968417}.Debug|Any CPU.ActiveCfg = Debug|Any CPU
		{87D834A6-CBBD-43B1-948A-EC3D8E968417}.Debug|Any CPU.Build.0 = Debug|Any CPU
		{87D834A6-CBBD-43B1-948A-EC3D8E968417}.Release|Any CPU.ActiveCfg = Release|Any CPU
		{87D834A6-CBBD-43B1-948A-EC3D8E968417}.Release|Any CPU.Build.0 = Release|Any CPU
		{A0FCF43E-C7EE-48A3-9CE2-6CD1F696DC78}.Debug|Any CPU.ActiveCfg = Debug|Any CPU
		{A0FCF43E-C7EE-48A3-9CE2-6CD1F696DC78}.Debug|Any CPU.Build.0 = Debug|Any CPU
		{A0FCF43E-C7EE-48A3-9CE2-6CD1F696DC78}.Release|Any CPU.ActiveCfg = Release|Any CPU
		{A0FCF43E-C7EE-48A3-9CE2-6CD1F696DC78}.Release|Any CPU.Build.0 = Release|Any CPU
		{F0A2C73C-C455-46BB-8094-64BDDF0370ED}.Debug|Any CPU.ActiveCfg = Debug|Any CPU
		{F0A2C73C-C455-46BB-8094-64BDDF0370ED}.Debug|Any CPU.Build.0 = Debug|Any CPU
		{F0A2C73C-C455-46BB-8094-64BDDF0370ED}.Release|Any CPU.ActiveCfg = Release|Any CPU
		{F0A2C73C-C455-46BB-8094-64BDDF0370ED}.Release|Any CPU.Build.0 = Release|Any CPU
		{F3EA6C8B-9B03-4D2E-A8CA-CE5E097545CA}.Debug|Any CPU.ActiveCfg = Debug|Any CPU
		{F3EA6C8B-9B03-4D2E-A8CA-CE5E097545CA}.Debug|Any CPU.Build.0 = Debug|Any CPU
		{F3EA6C8B-9B03-4D2E-A8CA-CE5E097545CA}.Release|Any CPU.ActiveCfg = Release|Any CPU
		{F3EA6C8B-9B03-4D2E-A8CA-CE5E097545CA}.Release|Any CPU.Build.0 = Release|Any CPU
		{0E487230-4DAC-4CBD-88E3-69370795B296}.Debug|Any CPU.ActiveCfg = Debug|Any CPU
		{0E487230-4DAC-4CBD-88E3-69370795B296}.Debug|Any CPU.Build.0 = Debug|Any CPU
		{0E487230-4DAC-4CBD-88E3-69370795B296}.Release|Any CPU.ActiveCfg = Release|Any CPU
		{0E487230-4DAC-4CBD-88E3-69370795B296}.Release|Any CPU.Build.0 = Release|Any CPU
		{C0DFEE92-D5A1-46DC-9BA3-86C6326DC79A}.Debug|Any CPU.ActiveCfg = Debug|Any CPU
		{C0DFEE92-D5A1-46DC-9BA3-86C6326DC79A}.Debug|Any CPU.Build.0 = Debug|Any CPU
		{C0DFEE92-D5A1-46DC-9BA3-86C6326DC79A}.Release|Any CPU.ActiveCfg = Release|Any CPU
		{C0DFEE92-D5A1-46DC-9BA3-86C6326DC79A}.Release|Any CPU.Build.0 = Release|Any CPU
		{BACFCC6E-160A-4DEC-9671-F257549F4319}.Debug|Any CPU.ActiveCfg = Debug|Any CPU
		{BACFCC6E-160A-4DEC-9671-F257549F4319}.Debug|Any CPU.Build.0 = Debug|Any CPU
		{BACFCC6E-160A-4DEC-9671-F257549F4319}.Release|Any CPU.ActiveCfg = Release|Any CPU
		{BACFCC6E-160A-4DEC-9671-F257549F4319}.Release|Any CPU.Build.0 = Release|Any CPU
		{8002A32E-63C9-42FE-81AB-F56BE17598CC}.Debug|Any CPU.ActiveCfg = Debug|Any CPU
		{8002A32E-63C9-42FE-81AB-F56BE17598CC}.Debug|Any CPU.Build.0 = Debug|Any CPU
		{8002A32E-63C9-42FE-81AB-F56BE17598CC}.Release|Any CPU.ActiveCfg = Release|Any CPU
		{8002A32E-63C9-42FE-81AB-F56BE17598CC}.Release|Any CPU.Build.0 = Release|Any CPU
		{B2690226-3108-4C9F-9163-C32F250A9065}.Debug|Any CPU.ActiveCfg = Debug|Any CPU
		{B2690226-3108-4C9F-9163-C32F250A9065}.Debug|Any CPU.Build.0 = Debug|Any CPU
		{B2690226-3108-4C9F-9163-C32F250A9065}.Release|Any CPU.ActiveCfg = Release|Any CPU
		{B2690226-3108-4C9F-9163-C32F250A9065}.Release|Any CPU.Build.0 = Release|Any CPU
		{9DF75FB7-00E8-4A5A-B659-F664FF14875F}.Debug|Any CPU.ActiveCfg = Debug|Any CPU
		{9DF75FB7-00E8-4A5A-B659-F664FF14875F}.Debug|Any CPU.Build.0 = Debug|Any CPU
		{9DF75FB7-00E8-4A5A-B659-F664FF14875F}.Release|Any CPU.ActiveCfg = Release|Any CPU
		{9DF75FB7-00E8-4A5A-B659-F664FF14875F}.Release|Any CPU.Build.0 = Release|Any CPU
		{0B148334-ED01-4327-B68E-018E3B93A3F5}.Debug|Any CPU.ActiveCfg = Debug|Any CPU
		{0B148334-ED01-4327-B68E-018E3B93A3F5}.Debug|Any CPU.Build.0 = Debug|Any CPU
		{0B148334-ED01-4327-B68E-018E3B93A3F5}.Release|Any CPU.ActiveCfg = Release|Any CPU
		{0B148334-ED01-4327-B68E-018E3B93A3F5}.Release|Any CPU.Build.0 = Release|Any CPU
		{F52BF488-18EE-4964-840A-B6D74EEAC9AB}.Debug|Any CPU.ActiveCfg = Debug|Any CPU
		{F52BF488-18EE-4964-840A-B6D74EEAC9AB}.Debug|Any CPU.Build.0 = Debug|Any CPU
		{F52BF488-18EE-4964-840A-B6D74EEAC9AB}.Release|Any CPU.ActiveCfg = Release|Any CPU
		{F52BF488-18EE-4964-840A-B6D74EEAC9AB}.Release|Any CPU.Build.0 = Release|Any CPU
		{AAD7E6AD-DC37-4834-86BE-838B65E4EBBA}.Debug|Any CPU.ActiveCfg = Debug|Any CPU
		{AAD7E6AD-DC37-4834-86BE-838B65E4EBBA}.Debug|Any CPU.Build.0 = Debug|Any CPU
		{AAD7E6AD-DC37-4834-86BE-838B65E4EBBA}.Release|Any CPU.ActiveCfg = Release|Any CPU
		{AAD7E6AD-DC37-4834-86BE-838B65E4EBBA}.Release|Any CPU.Build.0 = Release|Any CPU
		{32783DA8-EB7E-4EE3-95AD-EFD09A2813BC}.Debug|Any CPU.ActiveCfg = Debug|Any CPU
		{32783DA8-EB7E-4EE3-95AD-EFD09A2813BC}.Debug|Any CPU.Build.0 = Debug|Any CPU
		{32783DA8-EB7E-4EE3-95AD-EFD09A2813BC}.Release|Any CPU.ActiveCfg = Release|Any CPU
		{32783DA8-EB7E-4EE3-95AD-EFD09A2813BC}.Release|Any CPU.Build.0 = Release|Any CPU
		{64BE39F6-BD1B-4A09-9945-9FF468FD0001}.Debug|Any CPU.ActiveCfg = Debug|Any CPU
		{64BE39F6-BD1B-4A09-9945-9FF468FD0001}.Debug|Any CPU.Build.0 = Debug|Any CPU
		{64BE39F6-BD1B-4A09-9945-9FF468FD0001}.Release|Any CPU.ActiveCfg = Release|Any CPU
		{64BE39F6-BD1B-4A09-9945-9FF468FD0001}.Release|Any CPU.Build.0 = Release|Any CPU
		{CA0D345B-32AB-4067-8EAA-D0DD4B93ECDA}.Debug|Any CPU.ActiveCfg = Debug|Any CPU
		{CA0D345B-32AB-4067-8EAA-D0DD4B93ECDA}.Debug|Any CPU.Build.0 = Debug|Any CPU
		{CA0D345B-32AB-4067-8EAA-D0DD4B93ECDA}.Release|Any CPU.ActiveCfg = Release|Any CPU
		{CA0D345B-32AB-4067-8EAA-D0DD4B93ECDA}.Release|Any CPU.Build.0 = Release|Any CPU
		{C85C58C1-636F-4D9B-9B94-0D856F39D37F}.Debug|Any CPU.ActiveCfg = Debug|Any CPU
		{C85C58C1-636F-4D9B-9B94-0D856F39D37F}.Debug|Any CPU.Build.0 = Debug|Any CPU
		{C85C58C1-636F-4D9B-9B94-0D856F39D37F}.Release|Any CPU.ActiveCfg = Release|Any CPU
		{C85C58C1-636F-4D9B-9B94-0D856F39D37F}.Release|Any CPU.Build.0 = Release|Any CPU
		{57AA56B4-4BE0-46C1-B7BF-62C678612689}.Debug|Any CPU.ActiveCfg = Debug|Any CPU
		{57AA56B4-4BE0-46C1-B7BF-62C678612689}.Debug|Any CPU.Build.0 = Debug|Any CPU
		{57AA56B4-4BE0-46C1-B7BF-62C678612689}.Release|Any CPU.ActiveCfg = Release|Any CPU
		{57AA56B4-4BE0-46C1-B7BF-62C678612689}.Release|Any CPU.Build.0 = Release|Any CPU
		{560D8497-4215-4883-B1FC-2FBEB96B5B39}.Debug|Any CPU.ActiveCfg = Debug|Any CPU
		{560D8497-4215-4883-B1FC-2FBEB96B5B39}.Debug|Any CPU.Build.0 = Debug|Any CPU
		{560D8497-4215-4883-B1FC-2FBEB96B5B39}.Release|Any CPU.ActiveCfg = Release|Any CPU
		{560D8497-4215-4883-B1FC-2FBEB96B5B39}.Release|Any CPU.Build.0 = Release|Any CPU
		{71AB2443-E871-4DEB-87E0-E5D72DDF698A}.Debug|Any CPU.ActiveCfg = Debug|Any CPU
		{71AB2443-E871-4DEB-87E0-E5D72DDF698A}.Debug|Any CPU.Build.0 = Debug|Any CPU
		{71AB2443-E871-4DEB-87E0-E5D72DDF698A}.Release|Any CPU.ActiveCfg = Release|Any CPU
		{71AB2443-E871-4DEB-87E0-E5D72DDF698A}.Release|Any CPU.Build.0 = Release|Any CPU
		{12D5EBD4-CF28-4C94-A75B-A16A540C2AC7}.Debug|Any CPU.ActiveCfg = Debug|Any CPU
		{12D5EBD4-CF28-4C94-A75B-A16A540C2AC7}.Debug|Any CPU.Build.0 = Debug|Any CPU
		{12D5EBD4-CF28-4C94-A75B-A16A540C2AC7}.Release|Any CPU.ActiveCfg = Release|Any CPU
		{12D5EBD4-CF28-4C94-A75B-A16A540C2AC7}.Release|Any CPU.Build.0 = Release|Any CPU
		{582C5679-CBBF-4443-9145-F13EE10DACF5}.Debug|Any CPU.ActiveCfg = Debug|Any CPU
		{582C5679-CBBF-4443-9145-F13EE10DACF5}.Debug|Any CPU.Build.0 = Debug|Any CPU
		{582C5679-CBBF-4443-9145-F13EE10DACF5}.Release|Any CPU.ActiveCfg = Release|Any CPU
		{582C5679-CBBF-4443-9145-F13EE10DACF5}.Release|Any CPU.Build.0 = Release|Any CPU
		{144E0845-D66B-41B0-BB53-E6B89139FD74}.Debug|Any CPU.ActiveCfg = Debug|Any CPU
		{144E0845-D66B-41B0-BB53-E6B89139FD74}.Debug|Any CPU.Build.0 = Debug|Any CPU
		{144E0845-D66B-41B0-BB53-E6B89139FD74}.Release|Any CPU.ActiveCfg = Release|Any CPU
		{144E0845-D66B-41B0-BB53-E6B89139FD74}.Release|Any CPU.Build.0 = Release|Any CPU
		{5F264D51-3238-4CEB-8DE7-19ABF6F97394}.Debug|Any CPU.ActiveCfg = Debug|Any CPU
		{5F264D51-3238-4CEB-8DE7-19ABF6F97394}.Debug|Any CPU.Build.0 = Debug|Any CPU
		{5F264D51-3238-4CEB-8DE7-19ABF6F97394}.Release|Any CPU.ActiveCfg = Release|Any CPU
		{5F264D51-3238-4CEB-8DE7-19ABF6F97394}.Release|Any CPU.Build.0 = Release|Any CPU
		{BFEDF4A5-6AD8-4A8A-AABB-F20E6639870D}.Debug|Any CPU.ActiveCfg = Debug|Any CPU
		{BFEDF4A5-6AD8-4A8A-AABB-F20E6639870D}.Debug|Any CPU.Build.0 = Debug|Any CPU
		{BFEDF4A5-6AD8-4A8A-AABB-F20E6639870D}.Release|Any CPU.ActiveCfg = Release|Any CPU
		{BFEDF4A5-6AD8-4A8A-AABB-F20E6639870D}.Release|Any CPU.Build.0 = Release|Any CPU
		{D3BC3A4C-A144-476D-8BE5-F9BCB151D92E}.Debug|Any CPU.ActiveCfg = Debug|Any CPU
		{D3BC3A4C-A144-476D-8BE5-F9BCB151D92E}.Debug|Any CPU.Build.0 = Debug|Any CPU
		{D3BC3A4C-A144-476D-8BE5-F9BCB151D92E}.Release|Any CPU.ActiveCfg = Release|Any CPU
		{D3BC3A4C-A144-476D-8BE5-F9BCB151D92E}.Release|Any CPU.Build.0 = Release|Any CPU
		{4970DA28-FDFC-44CF-90EC-3B0D8C543551}.Debug|Any CPU.ActiveCfg = Debug|Any CPU
		{4970DA28-FDFC-44CF-90EC-3B0D8C543551}.Debug|Any CPU.Build.0 = Debug|Any CPU
		{4970DA28-FDFC-44CF-90EC-3B0D8C543551}.Release|Any CPU.ActiveCfg = Release|Any CPU
		{4970DA28-FDFC-44CF-90EC-3B0D8C543551}.Release|Any CPU.Build.0 = Release|Any CPU
		{782274F5-2E53-42A6-976E-CB61E9DAA2F6}.Debug|Any CPU.ActiveCfg = Debug|Any CPU
		{782274F5-2E53-42A6-976E-CB61E9DAA2F6}.Debug|Any CPU.Build.0 = Debug|Any CPU
		{782274F5-2E53-42A6-976E-CB61E9DAA2F6}.Release|Any CPU.ActiveCfg = Release|Any CPU
		{782274F5-2E53-42A6-976E-CB61E9DAA2F6}.Release|Any CPU.Build.0 = Release|Any CPU
		{A0626DC5-69E5-490E-BD1E-19903F9D530D}.Debug|Any CPU.ActiveCfg = Debug|Any CPU
		{A0626DC5-69E5-490E-BD1E-19903F9D530D}.Debug|Any CPU.Build.0 = Debug|Any CPU
		{A0626DC5-69E5-490E-BD1E-19903F9D530D}.Release|Any CPU.ActiveCfg = Release|Any CPU
		{A0626DC5-69E5-490E-BD1E-19903F9D530D}.Release|Any CPU.Build.0 = Release|Any CPU
		{F2B1E893-3046-4145-B774-7AB05C782928}.Debug|Any CPU.ActiveCfg = Debug|Any CPU
		{F2B1E893-3046-4145-B774-7AB05C782928}.Debug|Any CPU.Build.0 = Debug|Any CPU
		{F2B1E893-3046-4145-B774-7AB05C782928}.Release|Any CPU.ActiveCfg = Release|Any CPU
		{F2B1E893-3046-4145-B774-7AB05C782928}.Release|Any CPU.Build.0 = Release|Any CPU
		{BADC2B03-6ADD-4E0E-AA0F-239E63A17EEC}.Debug|Any CPU.ActiveCfg = Debug|Any CPU
		{BADC2B03-6ADD-4E0E-AA0F-239E63A17EEC}.Debug|Any CPU.Build.0 = Debug|Any CPU
		{BADC2B03-6ADD-4E0E-AA0F-239E63A17EEC}.Release|Any CPU.ActiveCfg = Release|Any CPU
		{BADC2B03-6ADD-4E0E-AA0F-239E63A17EEC}.Release|Any CPU.Build.0 = Release|Any CPU
		{2E579214-CE65-48D5-97D7-A10F87F6F069}.Debug|Any CPU.ActiveCfg = Debug|Any CPU
		{2E579214-CE65-48D5-97D7-A10F87F6F069}.Debug|Any CPU.Build.0 = Debug|Any CPU
		{2E579214-CE65-48D5-97D7-A10F87F6F069}.Release|Any CPU.ActiveCfg = Release|Any CPU
		{2E579214-CE65-48D5-97D7-A10F87F6F069}.Release|Any CPU.Build.0 = Release|Any CPU
		{B0556DA5-51A2-46C8-92A3-A2F9F300C9F0}.Debug|Any CPU.ActiveCfg = Debug|Any CPU
		{B0556DA5-51A2-46C8-92A3-A2F9F300C9F0}.Debug|Any CPU.Build.0 = Debug|Any CPU
		{B0556DA5-51A2-46C8-92A3-A2F9F300C9F0}.Release|Any CPU.ActiveCfg = Release|Any CPU
		{B0556DA5-51A2-46C8-92A3-A2F9F300C9F0}.Release|Any CPU.Build.0 = Release|Any CPU
		{7F91F7A8-3168-4900-923F-CE0BECD0F05E}.Debug|Any CPU.ActiveCfg = Debug|Any CPU
		{7F91F7A8-3168-4900-923F-CE0BECD0F05E}.Debug|Any CPU.Build.0 = Debug|Any CPU
		{7F91F7A8-3168-4900-923F-CE0BECD0F05E}.Release|Any CPU.ActiveCfg = Release|Any CPU
		{7F91F7A8-3168-4900-923F-CE0BECD0F05E}.Release|Any CPU.Build.0 = Release|Any CPU
		{2BFFED1E-0C52-4DA6-A2FD-B524BA1568B5}.Debug|Any CPU.ActiveCfg = Debug|Any CPU
		{2BFFED1E-0C52-4DA6-A2FD-B524BA1568B5}.Debug|Any CPU.Build.0 = Debug|Any CPU
		{2BFFED1E-0C52-4DA6-A2FD-B524BA1568B5}.Release|Any CPU.ActiveCfg = Release|Any CPU
		{2BFFED1E-0C52-4DA6-A2FD-B524BA1568B5}.Release|Any CPU.Build.0 = Release|Any CPU
		{F23C78B4-FD5C-4785-99A9-B938AC761CAE}.Debug|Any CPU.ActiveCfg = Debug|Any CPU
		{F23C78B4-FD5C-4785-99A9-B938AC761CAE}.Debug|Any CPU.Build.0 = Debug|Any CPU
		{F23C78B4-FD5C-4785-99A9-B938AC761CAE}.Release|Any CPU.ActiveCfg = Release|Any CPU
		{F23C78B4-FD5C-4785-99A9-B938AC761CAE}.Release|Any CPU.Build.0 = Release|Any CPU
		{11DE55E8-7968-4572-A0B6-7946155F0CF2}.Debug|Any CPU.ActiveCfg = Debug|Any CPU
		{11DE55E8-7968-4572-A0B6-7946155F0CF2}.Debug|Any CPU.Build.0 = Debug|Any CPU
		{11DE55E8-7968-4572-A0B6-7946155F0CF2}.Release|Any CPU.ActiveCfg = Release|Any CPU
		{11DE55E8-7968-4572-A0B6-7946155F0CF2}.Release|Any CPU.Build.0 = Release|Any CPU
		{4A2D7962-8E39-4D98-9822-D201521DAB05}.Debug|Any CPU.ActiveCfg = Debug|Any CPU
		{4A2D7962-8E39-4D98-9822-D201521DAB05}.Debug|Any CPU.Build.0 = Debug|Any CPU
		{4A2D7962-8E39-4D98-9822-D201521DAB05}.Release|Any CPU.ActiveCfg = Release|Any CPU
		{4A2D7962-8E39-4D98-9822-D201521DAB05}.Release|Any CPU.Build.0 = Release|Any CPU
		{3FD143E5-7EA2-4A9A-840E-74257600CB85}.Debug|Any CPU.ActiveCfg = Debug|Any CPU
		{3FD143E5-7EA2-4A9A-840E-74257600CB85}.Debug|Any CPU.Build.0 = Debug|Any CPU
		{3FD143E5-7EA2-4A9A-840E-74257600CB85}.Release|Any CPU.ActiveCfg = Release|Any CPU
		{3FD143E5-7EA2-4A9A-840E-74257600CB85}.Release|Any CPU.Build.0 = Release|Any CPU
		{04F72CF7-D1B4-465C-BFB4-111C25040112}.Debug|Any CPU.ActiveCfg = Debug|Any CPU
		{04F72CF7-D1B4-465C-BFB4-111C25040112}.Debug|Any CPU.Build.0 = Debug|Any CPU
		{04F72CF7-D1B4-465C-BFB4-111C25040112}.Release|Any CPU.ActiveCfg = Release|Any CPU
		{04F72CF7-D1B4-465C-BFB4-111C25040112}.Release|Any CPU.Build.0 = Release|Any CPU
		{82C0C075-6830-4821-8BBE-65D8E64358A6}.Debug|Any CPU.ActiveCfg = Debug|Any CPU
		{82C0C075-6830-4821-8BBE-65D8E64358A6}.Debug|Any CPU.Build.0 = Debug|Any CPU
		{82C0C075-6830-4821-8BBE-65D8E64358A6}.Release|Any CPU.ActiveCfg = Release|Any CPU
		{82C0C075-6830-4821-8BBE-65D8E64358A6}.Release|Any CPU.Build.0 = Release|Any CPU
		{6E622073-D9FC-4B4E-BB8F-2FF719285C8C}.Debug|Any CPU.ActiveCfg = Debug|Any CPU
		{6E622073-D9FC-4B4E-BB8F-2FF719285C8C}.Debug|Any CPU.Build.0 = Debug|Any CPU
		{6E622073-D9FC-4B4E-BB8F-2FF719285C8C}.Release|Any CPU.ActiveCfg = Release|Any CPU
		{6E622073-D9FC-4B4E-BB8F-2FF719285C8C}.Release|Any CPU.Build.0 = Release|Any CPU
		{06729194-57BE-41D8-9E5E-C79A1CEC2F01}.Debug|Any CPU.ActiveCfg = Debug|Any CPU
		{06729194-57BE-41D8-9E5E-C79A1CEC2F01}.Debug|Any CPU.Build.0 = Debug|Any CPU
		{06729194-57BE-41D8-9E5E-C79A1CEC2F01}.Release|Any CPU.ActiveCfg = Release|Any CPU
		{06729194-57BE-41D8-9E5E-C79A1CEC2F01}.Release|Any CPU.Build.0 = Release|Any CPU
		{A201416D-BFB8-4ADE-A35D-514A2F3D58F0}.Debug|Any CPU.ActiveCfg = Debug|Any CPU
		{A201416D-BFB8-4ADE-A35D-514A2F3D58F0}.Debug|Any CPU.Build.0 = Debug|Any CPU
		{A201416D-BFB8-4ADE-A35D-514A2F3D58F0}.Release|Any CPU.ActiveCfg = Release|Any CPU
		{A201416D-BFB8-4ADE-A35D-514A2F3D58F0}.Release|Any CPU.Build.0 = Release|Any CPU
		{8FA4F8B0-FFD5-405F-9FEA-DA999CE74CE7}.Debug|Any CPU.ActiveCfg = Debug|Any CPU
		{8FA4F8B0-FFD5-405F-9FEA-DA999CE74CE7}.Debug|Any CPU.Build.0 = Debug|Any CPU
		{8FA4F8B0-FFD5-405F-9FEA-DA999CE74CE7}.Release|Any CPU.ActiveCfg = Release|Any CPU
		{8FA4F8B0-FFD5-405F-9FEA-DA999CE74CE7}.Release|Any CPU.Build.0 = Release|Any CPU
		{34A974E8-3701-431C-B2F3-876B5AA22D02}.Debug|Any CPU.ActiveCfg = Debug|Any CPU
		{34A974E8-3701-431C-B2F3-876B5AA22D02}.Debug|Any CPU.Build.0 = Debug|Any CPU
		{34A974E8-3701-431C-B2F3-876B5AA22D02}.Release|Any CPU.ActiveCfg = Release|Any CPU
		{34A974E8-3701-431C-B2F3-876B5AA22D02}.Release|Any CPU.Build.0 = Release|Any CPU
		{9010DA02-C5A5-4760-9AFB-6CB8F5C74A60}.Debug|Any CPU.ActiveCfg = Debug|Any CPU
		{9010DA02-C5A5-4760-9AFB-6CB8F5C74A60}.Debug|Any CPU.Build.0 = Debug|Any CPU
		{9010DA02-C5A5-4760-9AFB-6CB8F5C74A60}.Release|Any CPU.ActiveCfg = Release|Any CPU
		{9010DA02-C5A5-4760-9AFB-6CB8F5C74A60}.Release|Any CPU.Build.0 = Release|Any CPU
		{776E2798-0C45-422C-8095-7890B93335E5}.Debug|Any CPU.ActiveCfg = Debug|Any CPU
		{776E2798-0C45-422C-8095-7890B93335E5}.Debug|Any CPU.Build.0 = Debug|Any CPU
		{776E2798-0C45-422C-8095-7890B93335E5}.Release|Any CPU.ActiveCfg = Release|Any CPU
		{776E2798-0C45-422C-8095-7890B93335E5}.Release|Any CPU.Build.0 = Release|Any CPU
		{C433D140-937A-4BC7-8D04-3D400AAECA48}.Debug|Any CPU.ActiveCfg = Debug|Any CPU
		{C433D140-937A-4BC7-8D04-3D400AAECA48}.Debug|Any CPU.Build.0 = Debug|Any CPU
		{C433D140-937A-4BC7-8D04-3D400AAECA48}.Release|Any CPU.ActiveCfg = Release|Any CPU
		{C433D140-937A-4BC7-8D04-3D400AAECA48}.Release|Any CPU.Build.0 = Release|Any CPU
		{F8B668CC-DEAB-4920-B4DE-632F52DBAC25}.Debug|Any CPU.ActiveCfg = Debug|Any CPU
		{F8B668CC-DEAB-4920-B4DE-632F52DBAC25}.Debug|Any CPU.Build.0 = Debug|Any CPU
		{F8B668CC-DEAB-4920-B4DE-632F52DBAC25}.Release|Any CPU.ActiveCfg = Release|Any CPU
		{F8B668CC-DEAB-4920-B4DE-632F52DBAC25}.Release|Any CPU.Build.0 = Release|Any CPU
		{829AE36C-FFAF-4E0F-A215-1A88C8F2EB7F}.Debug|Any CPU.ActiveCfg = Debug|Any CPU
		{829AE36C-FFAF-4E0F-A215-1A88C8F2EB7F}.Debug|Any CPU.Build.0 = Debug|Any CPU
		{829AE36C-FFAF-4E0F-A215-1A88C8F2EB7F}.Release|Any CPU.ActiveCfg = Release|Any CPU
		{829AE36C-FFAF-4E0F-A215-1A88C8F2EB7F}.Release|Any CPU.Build.0 = Release|Any CPU
		{6AA3C700-95B5-4EB9-84DF-FBD270CC3011}.Debug|Any CPU.ActiveCfg = Debug|Any CPU
		{6AA3C700-95B5-4EB9-84DF-FBD270CC3011}.Debug|Any CPU.Build.0 = Debug|Any CPU
		{6AA3C700-95B5-4EB9-84DF-FBD270CC3011}.Release|Any CPU.ActiveCfg = Release|Any CPU
		{6AA3C700-95B5-4EB9-84DF-FBD270CC3011}.Release|Any CPU.Build.0 = Release|Any CPU
		{48FAA3BC-3797-4A8C-A2CC-19A2878D4E49}.Debug|Any CPU.ActiveCfg = Debug|Any CPU
		{48FAA3BC-3797-4A8C-A2CC-19A2878D4E49}.Debug|Any CPU.Build.0 = Debug|Any CPU
		{48FAA3BC-3797-4A8C-A2CC-19A2878D4E49}.Release|Any CPU.ActiveCfg = Release|Any CPU
		{48FAA3BC-3797-4A8C-A2CC-19A2878D4E49}.Release|Any CPU.Build.0 = Release|Any CPU
	EndGlobalSection
	GlobalSection(SolutionProperties) = preSolution
		HideSolutionNode = FALSE
	EndGlobalSection
	GlobalSection(NestedProjects) = preSolution
		{B0562D05-A551-441D-80AC-B4BDDC758293} = {C361EC4D-2437-4B2E-B20A-9DDEAACFC6A5}
		{D66D2807-96F3-4C68-83EB-9B5807BA9F0B} = {C361EC4D-2437-4B2E-B20A-9DDEAACFC6A5}
		{8248B030-CD63-45AD-8807-FB9BABEFAC02} = {C361EC4D-2437-4B2E-B20A-9DDEAACFC6A5}
		{87D834A6-CBBD-43B1-948A-EC3D8E968417} = {C361EC4D-2437-4B2E-B20A-9DDEAACFC6A5}
		{A0FCF43E-C7EE-48A3-9CE2-6CD1F696DC78} = {C361EC4D-2437-4B2E-B20A-9DDEAACFC6A5}
		{F0A2C73C-C455-46BB-8094-64BDDF0370ED} = {C361EC4D-2437-4B2E-B20A-9DDEAACFC6A5}
		{F3EA6C8B-9B03-4D2E-A8CA-CE5E097545CA} = {C361EC4D-2437-4B2E-B20A-9DDEAACFC6A5}
		{0E487230-4DAC-4CBD-88E3-69370795B296} = {C361EC4D-2437-4B2E-B20A-9DDEAACFC6A5}
		{C0DFEE92-D5A1-46DC-9BA3-86C6326DC79A} = {C361EC4D-2437-4B2E-B20A-9DDEAACFC6A5}
		{BACFCC6E-160A-4DEC-9671-F257549F4319} = {C361EC4D-2437-4B2E-B20A-9DDEAACFC6A5}
		{8002A32E-63C9-42FE-81AB-F56BE17598CC} = {C361EC4D-2437-4B2E-B20A-9DDEAACFC6A5}
		{B2690226-3108-4C9F-9163-C32F250A9065} = {C361EC4D-2437-4B2E-B20A-9DDEAACFC6A5}
		{9DF75FB7-00E8-4A5A-B659-F664FF14875F} = {C361EC4D-2437-4B2E-B20A-9DDEAACFC6A5}
		{0B148334-ED01-4327-B68E-018E3B93A3F5} = {C361EC4D-2437-4B2E-B20A-9DDEAACFC6A5}
		{F52BF488-18EE-4964-840A-B6D74EEAC9AB} = {C361EC4D-2437-4B2E-B20A-9DDEAACFC6A5}
		{AAD7E6AD-DC37-4834-86BE-838B65E4EBBA} = {C361EC4D-2437-4B2E-B20A-9DDEAACFC6A5}
		{32783DA8-EB7E-4EE3-95AD-EFD09A2813BC} = {C361EC4D-2437-4B2E-B20A-9DDEAACFC6A5}
		{64BE39F6-BD1B-4A09-9945-9FF468FD0001} = {C361EC4D-2437-4B2E-B20A-9DDEAACFC6A5}
		{CA0D345B-32AB-4067-8EAA-D0DD4B93ECDA} = {C361EC4D-2437-4B2E-B20A-9DDEAACFC6A5}
		{C85C58C1-636F-4D9B-9B94-0D856F39D37F} = {C361EC4D-2437-4B2E-B20A-9DDEAACFC6A5}
		{57AA56B4-4BE0-46C1-B7BF-62C678612689} = {C361EC4D-2437-4B2E-B20A-9DDEAACFC6A5}
		{560D8497-4215-4883-B1FC-2FBEB96B5B39} = {C361EC4D-2437-4B2E-B20A-9DDEAACFC6A5}
		{71AB2443-E871-4DEB-87E0-E5D72DDF698A} = {C361EC4D-2437-4B2E-B20A-9DDEAACFC6A5}
		{12D5EBD4-CF28-4C94-A75B-A16A540C2AC7} = {C361EC4D-2437-4B2E-B20A-9DDEAACFC6A5}
		{582C5679-CBBF-4443-9145-F13EE10DACF5} = {C361EC4D-2437-4B2E-B20A-9DDEAACFC6A5}
		{144E0845-D66B-41B0-BB53-E6B89139FD74} = {C361EC4D-2437-4B2E-B20A-9DDEAACFC6A5}
		{5F264D51-3238-4CEB-8DE7-19ABF6F97394} = {C361EC4D-2437-4B2E-B20A-9DDEAACFC6A5}
		{BFEDF4A5-6AD8-4A8A-AABB-F20E6639870D} = {C361EC4D-2437-4B2E-B20A-9DDEAACFC6A5}
		{D3BC3A4C-A144-476D-8BE5-F9BCB151D92E} = {C361EC4D-2437-4B2E-B20A-9DDEAACFC6A5}
		{4970DA28-FDFC-44CF-90EC-3B0D8C543551} = {C361EC4D-2437-4B2E-B20A-9DDEAACFC6A5}
		{782274F5-2E53-42A6-976E-CB61E9DAA2F6} = {C361EC4D-2437-4B2E-B20A-9DDEAACFC6A5}
		{A0626DC5-69E5-490E-BD1E-19903F9D530D} = {C361EC4D-2437-4B2E-B20A-9DDEAACFC6A5}
		{F2B1E893-3046-4145-B774-7AB05C782928} = {C361EC4D-2437-4B2E-B20A-9DDEAACFC6A5}
		{BADC2B03-6ADD-4E0E-AA0F-239E63A17EEC} = {C361EC4D-2437-4B2E-B20A-9DDEAACFC6A5}
		{2E579214-CE65-48D5-97D7-A10F87F6F069} = {C361EC4D-2437-4B2E-B20A-9DDEAACFC6A5}
		{B0556DA5-51A2-46C8-92A3-A2F9F300C9F0} = {C361EC4D-2437-4B2E-B20A-9DDEAACFC6A5}
		{7F91F7A8-3168-4900-923F-CE0BECD0F05E} = {C361EC4D-2437-4B2E-B20A-9DDEAACFC6A5}
		{2BFFED1E-0C52-4DA6-A2FD-B524BA1568B5} = {C361EC4D-2437-4B2E-B20A-9DDEAACFC6A5}
		{F23C78B4-FD5C-4785-99A9-B938AC761CAE} = {C361EC4D-2437-4B2E-B20A-9DDEAACFC6A5}
		{11DE55E8-7968-4572-A0B6-7946155F0CF2} = {C361EC4D-2437-4B2E-B20A-9DDEAACFC6A5}
		{4A2D7962-8E39-4D98-9822-D201521DAB05} = {C361EC4D-2437-4B2E-B20A-9DDEAACFC6A5}
		{3FD143E5-7EA2-4A9A-840E-74257600CB85} = {C361EC4D-2437-4B2E-B20A-9DDEAACFC6A5}
		{04F72CF7-D1B4-465C-BFB4-111C25040112} = {C361EC4D-2437-4B2E-B20A-9DDEAACFC6A5}
		{82C0C075-6830-4821-8BBE-65D8E64358A6} = {C361EC4D-2437-4B2E-B20A-9DDEAACFC6A5}
		{6E622073-D9FC-4B4E-BB8F-2FF719285C8C} = {C361EC4D-2437-4B2E-B20A-9DDEAACFC6A5}
		{06729194-57BE-41D8-9E5E-C79A1CEC2F01} = {C361EC4D-2437-4B2E-B20A-9DDEAACFC6A5}
		{A201416D-BFB8-4ADE-A35D-514A2F3D58F0} = {C361EC4D-2437-4B2E-B20A-9DDEAACFC6A5}
		{8FA4F8B0-FFD5-405F-9FEA-DA999CE74CE7} = {C361EC4D-2437-4B2E-B20A-9DDEAACFC6A5}
		{34A974E8-3701-431C-B2F3-876B5AA22D02} = {C361EC4D-2437-4B2E-B20A-9DDEAACFC6A5}
		{9010DA02-C5A5-4760-9AFB-6CB8F5C74A60} = {C361EC4D-2437-4B2E-B20A-9DDEAACFC6A5}
		{776E2798-0C45-422C-8095-7890B93335E5} = {C361EC4D-2437-4B2E-B20A-9DDEAACFC6A5}
		{C433D140-937A-4BC7-8D04-3D400AAECA48} = {C361EC4D-2437-4B2E-B20A-9DDEAACFC6A5}
		{F8B668CC-DEAB-4920-B4DE-632F52DBAC25} = {C361EC4D-2437-4B2E-B20A-9DDEAACFC6A5}
		{829AE36C-FFAF-4E0F-A215-1A88C8F2EB7F} = {C361EC4D-2437-4B2E-B20A-9DDEAACFC6A5}
		{6AA3C700-95B5-4EB9-84DF-FBD270CC3011} = {C361EC4D-2437-4B2E-B20A-9DDEAACFC6A5}
		{48FAA3BC-3797-4A8C-A2CC-19A2878D4E49} = {C361EC4D-2437-4B2E-B20A-9DDEAACFC6A5}
	EndGlobalSection
	GlobalSection(ExtensibilityGlobals) = postSolution
		SolutionGuid = {A1753553-CE67-4DE6-A759-A57A34C5F2F8}
	EndGlobalSection
EndGlobal
